
Microsoft Visual Studio Solution File, Format Version 11.00
# Visual Studio 2010
Project("{FAE04EC0-301F-11D3-BF4B-00C04F79EFBC}") = "Assembly-CSharp", "Assembly-CSharp.csproj", "{9c7cc9b1-320e-1009-24b5-2f675810203f}"
EndProject
Project("{FAE04EC0-301F-11D3-BF4B-00C04F79EFBC}") = "Assembly-CSharp-Editor", "Assembly-CSharp-Editor.csproj", "{323c272f-5ac1-b863-9899-d9b0c6bb4821}"
EndProject
Global
	GlobalSection(SolutionConfigurationPlatforms) = preSolution
		Debug|Any CPU = Debug|Any CPU
	EndGlobalSection
	GlobalSection(ProjectConfigurationPlatforms) = postSolution
		{9c7cc9b1-320e-1009-24b5-2f675810203f}.Debug|Any CPU.ActiveCfg = Debug|Any CPU
		{9c7cc9b1-320e-1009-24b5-2f675810203f}.Debug|Any CPU.Build.0 = Debug|Any CPU
		{323c272f-5ac1-b863-9899-d9b0c6bb4821}.Debug|Any CPU.ActiveCfg = Debug|Any CPU
		{323c272f-5ac1-b863-9899-d9b0c6bb4821}.Debug|Any CPU.Build.0 = Debug|Any CPU
	EndGlobalSection
	GlobalSection(SolutionProperties) = preSolution
		HideSolutionNode = FALSE
	EndGlobalSection
EndGlobal
